
Microsoft Visual Studio Solution File, Format Version 12.00
# Visual Studio Version 16
VisualStudioVersion = 16.0.30413.136
MinimumVisualStudioVersion = 10.0.40219.1
Project("{FAE04EC0-301F-11D3-BF4B-00C04F79EFBC}") = "FilaQBInterfacer", "FilaQBInterfacer\FilaQBInterfacer.csproj", "{4E27AAFC-0008-4947-81F4-FC7BBA920A30}"
EndProject
Global
	GlobalSection(SolutionConfigurationPlatforms) = preSolution
		Debug|Any CPU = Debug|Any CPU
		Release|Any CPU = Release|Any CPU
	EndGlobalSection
	GlobalSection(ProjectConfigurationPlatforms) = postSolution
		{4E27AAFC-0008-4947-81F4-FC7BBA920A30}.Debug|Any CPU.ActiveCfg = Debug|Any CPU
		{4E27AAFC-0008-4947-81F4-FC7BBA920A30}.Debug|Any CPU.Build.0 = Debug|Any CPU
		{4E27AAFC-0008-4947-81F4-FC7BBA920A30}.Release|Any CPU.ActiveCfg = Release|Any CPU
		{4E27AAFC-0008-4947-81F4-FC7BBA920A30}.Release|Any CPU.Build.0 = Release|Any CPU
	EndGlobalSection
	GlobalSection(SolutionProperties) = preSolution
		HideSolutionNode = FALSE
	EndGlobalSection
	GlobalSection(ExtensibilityGlobals) = postSolution
		SolutionGuid = {D14A0393-3EFE-4662-BD75-EF28579F2E86}
	EndGlobalSection
EndGlobal
